// !$*UTF8*$!
{
	archiveVersion = 1;
	classes = {
	};
	objectVersion = 46;
	objects = {

/* Begin PBXBuildFile section */
		F2B220861B2D224900ED737F /* main.m in Sources */ = {isa = PBXBuildFile; fileRef = F2B220851B2D224900ED737F /* main.m */; };
		F2B220891B2D224900ED737F /* AppDelegate.m in Sources */ = {isa = PBXBuildFile; fileRef = F2B220881B2D224900ED737F /* AppDelegate.m */; };
		F2B2208C1B2D224900ED737F /* ViewController.m in Sources */ = {isa = PBXBuildFile; fileRef = F2B2208B1B2D224900ED737F /* ViewController.m */; };
		F2B2208F1B2D224900ED737F /* Main.storyboard in Resources */ = {isa = PBXBuildFile; fileRef = F2B2208D1B2D224900ED737F /* Main.storyboard */; };
		F2B220911B2D224900ED737F /* Images.xcassets in Resources */ = {isa = PBXBuildFile; fileRef = F2B220901B2D224900ED737F /* Images.xcassets */; };
		F2B220941B2D224900ED737F /* LaunchScreen.xib in Resources */ = {isa = PBXBuildFile; fileRef = F2B220921B2D224900ED737F /* LaunchScreen.xib */; };
		F2B220A01B2D224900ED737F /* QiuxingkaTests.m in Sources */ = {isa = PBXBuildFile; fileRef = F2B2209F1B2D224900ED737F /* QiuxingkaTests.m */; };
/* End PBXBuildFile section */

/* Begin PBXContainerItemProxy section */
		F2B2209A1B2D224900ED737F /* PBXContainerItemProxy */ = {
			isa = PBXContainerItemProxy;
			containerPortal = F2B220781B2D224900ED737F /* Project object */;
			proxyType = 1;
			remoteGlobalIDString = F2B2207F1B2D224900ED737F;
			remoteInfo = Qiuxingka;
		};
/* End PBXContainerItemProxy section */

/* Begin PBXFileReference section */
		F2B220801B2D224900ED737F /* Qiuxingka.app */ = {isa = PBXFileReference; explicitFileType = wrapper.application; includeInIndex = 0; path = Qiuxingka.app; sourceTree = BUILT_PRODUCTS_DIR; };
		F2B220841B2D224900ED737F /* Info.plist */ = {isa = PBXFileReference; lastKnownFileType = text.plist.xml; path = Info.plist; sourceTree = "<group>"; };
		F2B220851B2D224900ED737F /* main.m */ = {isa = PBXFileReference; lastKnownFileType = sourcecode.c.objc; path = main.m; sourceTree = "<group>"; };
		F2B220871B2D224900ED737F /* AppDelegate.h */ = {isa = PBXFileReference; lastKnownFileType = sourcecode.c.h; path = AppDelegate.h; sourceTree = "<group>"; };
		F2B220881B2D224900ED737F /* AppDelegate.m */ = {isa = PBXFileReference; lastKnownFileType = sourcecode.c.objc; path = AppDelegate.m; sourceTree = "<group>"; };
		F2B2208A1B2D224900ED737F /* ViewController.h */ = {isa = PBXFileReference; lastKnownFileType = sourcecode.c.h; path = ViewController.h; sourceTree = "<group>"; };
		F2B2208B1B2D224900ED737F /* ViewController.m */ = {isa = PBXFileReference; lastKnownFileType = sourcecode.c.objc; path = ViewController.m; sourceTree = "<group>"; };
		F2B2208E1B2D224900ED737F /* Base */ = {isa = PBXFileReference; lastKnownFileType = file.storyboard; name = Base; path = Base.lproj/Main.storyboard; sourceTree = "<group>"; };
		F2B220901B2D224900ED737F /* Images.xcassets */ = {isa = PBXFileReference; lastKnownFileType = folder.assetcatalog; path = Images.xcassets; sourceTree = "<group>"; };
		F2B220931B2D224900ED737F /* Base */ = {isa = PBXFileReference; lastKnownFileType = file.xib; name = Base; path = Base.lproj/LaunchScreen.xib; sourceTree = "<group>"; };
		F2B220991B2D224900ED737F /* QiuxingkaTests.xctest */ = {isa = PBXFileReference; explicitFileType = wrapper.cfbundle; includeInIndex = 0; path = QiuxingkaTests.xctest; sourceTree = BUILT_PRODUCTS_DIR; };
		F2B2209E1B2D224900ED737F /* Info.plist */ = {isa = PBXFileReference; lastKnownFileType = text.plist.xml; path = Info.plist; sourceTree = "<group>"; };
		F2B2209F1B2D224900ED737F /* QiuxingkaTests.m */ = {isa = PBXFileReference; lastKnownFileType = sourcecode.c.objc; path = QiuxingkaTests.m; sourceTree = "<group>"; };
/* End PBXFileReference section */

/* Begin PBXFrameworksBuildPhase section */
		F2B2207D1B2D224900ED737F /* Frameworks */ = {
			isa = PBXFrameworksBuildPhase;
			buildActionMask = 2147483647;
			files = (
			);
			runOnlyForDeploymentPostprocessing = 0;
		};
		F2B220961B2D224900ED737F /* Frameworks */ = {
			isa = PBXFrameworksBuildPhase;
			buildActionMask = 2147483647;
			files = (
			);
			runOnlyForDeploymentPostprocessing = 0;
		};
/* End PBXFrameworksBuildPhase section */

/* Begin PBXGroup section */
		F2B220771B2D224900ED737F = {
			isa = PBXGroup;
			children = (
				F2B220821B2D224900ED737F /* Qiuxingka */,
				F2B2209C1B2D224900ED737F /* QiuxingkaTests */,
				F2B220811B2D224900ED737F /* Products */,
			);
			sourceTree = "<group>";
		};
		F2B220811B2D224900ED737F /* Products */ = {
			isa = PBXGroup;
			children = (
				F2B220801B2D224900ED737F /* Qiuxingka.app */,
				F2B220991B2D224900ED737F /* QiuxingkaTests.xctest */,
			);
			name = Products;
			sourceTree = "<group>";
		};
		F2B220821B2D224900ED737F /* Qiuxingka */ = {
			isa = PBXGroup;
			children = (
				F2B220871B2D224900ED737F /* AppDelegate.h */,
				F2B220881B2D224900ED737F /* AppDelegate.m */,
				F2B2208A1B2D224900ED737F /* ViewController.h */,
				F2B2208B1B2D224900ED737F /* ViewController.m */,
				F2B2208D1B2D224900ED737F /* Main.storyboard */,
				F2B220901B2D224900ED737F /* Images.xcassets */,
				F2B220921B2D224900ED737F /* LaunchScreen.xib */,
				F2B220831B2D224900ED737F /* Supporting Files */,
			);
			path = Qiuxingka;
			sourceTree = "<group>";
		};
		F2B220831B2D224900ED737F /* Supporting Files */ = {
			isa = PBXGroup;
			children = (
				F2B220841B2D224900ED737F /* Info.plist */,
				F2B220851B2D224900ED737F /* main.m */,
			);
			name = "Supporting Files";
			sourceTree = "<group>";
		};
		F2B2209C1B2D224900ED737F /* QiuxingkaTests */ = {
			isa = PBXGroup;
			children = (
				F2B2209F1B2D224900ED737F /* QiuxingkaTests.m */,
				F2B2209D1B2D224900ED737F /* Supporting Files */,
			);
			path = QiuxingkaTests;
			sourceTree = "<group>";
		};
		F2B2209D1B2D224900ED737F /* Supporting Files */ = {
			isa = PBXGroup;
			children = (
				F2B2209E1B2D224900ED737F /* Info.plist */,
			);
			name = "Supporting Files";
			sourceTree = "<group>";
		};
/* End PBXGroup section */

/* Begin PBXNativeTarget section */
		F2B2207F1B2D224900ED737F /* Qiuxingka */ = {
			isa = PBXNativeTarget;
			buildConfigurationList = F2B220A31B2D224900ED737F /* Build configuration list for PBXNativeTarget "Qiuxingka" */;
			buildPhases = (
				F2B2207C1B2D224900ED737F /* Sources */,
				F2B2207D1B2D224900ED737F /* Frameworks */,
				F2B2207E1B2D224900ED737F /* Resources */,
			);
			buildRules = (
			);
			dependencies = (
			);
			name = Qiuxingka;
			productName = Qiuxingka;
			productReference = F2B220801B2D224900ED737F /* Qiuxingka.app */;
			productType = "com.apple.product-type.application";
		};
		F2B220981B2D224900ED737F /* QiuxingkaTests */ = {
			isa = PBXNativeTarget;
			buildConfigurationList = F2B220A61B2D224900ED737F /* Build configuration list for PBXNativeTarget "QiuxingkaTests" */;
			buildPhases = (
				F2B220951B2D224900ED737F /* Sources */,
				F2B220961B2D224900ED737F /* Frameworks */,
				F2B220971B2D224900ED737F /* Resources */,
			);
			buildRules = (
			);
			dependencies = (
				F2B2209B1B2D224900ED737F /* PBXTargetDependency */,
			);
			name = QiuxingkaTests;
			productName = QiuxingkaTests;
			productReference = F2B220991B2D224900ED737F /* QiuxingkaTests.xctest */;
			productType = "com.apple.product-type.bundle.unit-test";
		};
/* End PBXNativeTarget section */

/* Begin PBXProject section */
		F2B220781B2D224900ED737F /* Project object */ = {
			isa = PBXProject;
			attributes = {
				LastUpgradeCheck = 0630;
				ORGANIZATIONNAME = Tristan;
				TargetAttributes = {
					F2B2207F1B2D224900ED737F = {
						CreatedOnToolsVersion = 6.3.1;
					};
					F2B220981B2D224900ED737F = {
						CreatedOnToolsVersion = 6.3.1;
						TestTargetID = F2B2207F1B2D224900ED737F;
					};
				};
			};
			buildConfigurationList = F2B2207B1B2D224900ED737F /* Build configuration list for PBXProject "Qiuxingka" */;
			compatibilityVersion = "Xcode 3.2";
			developmentRegion = English;
			hasScannedForEncodings = 0;
			knownRegions = (
				en,
				Base,
			);
			mainGroup = F2B220771B2D224900ED737F;
			productRefGroup = F2B220811B2D224900ED737F /* Products */;
			projectDirPath = "";
			projectRoot = "";
			targets = (
				F2B2207F1B2D224900ED737F /* Qiuxingka */,
				F2B220981B2D224900ED737F /* QiuxingkaTests */,
			);
		};
/* End PBXProject section */

/* Begin PBXResourcesBuildPhase section */
		F2B2207E1B2D224900ED737F /* Resources */ = {
			isa = PBXResourcesBuildPhase;
			buildActionMask = 2147483647;
			files = (
				F2B2208F1B2D224900ED737F /* Main.storyboard in Resources */,
				F2B220941B2D224900ED737F /* LaunchScreen.xib in Resources */,
				F2B220911B2D224900ED737F /* Images.xcassets in Resources */,
			);
			runOnlyForDeploymentPostprocessing = 0;
		};
		F2B220971B2D224900ED737F /* Resources */ = {
			isa = PBXResourcesBuildPhase;
			buildActionMask = 2147483647;
			files = (
			);
			runOnlyForDeploymentPostprocessing = 0;
		};
/* End PBXResourcesBuildPhase section */

/* Begin PBXSourcesBuildPhase section */
		F2B2207C1B2D224900ED737F /* Sources */ = {
			isa = PBXSourcesBuildPhase;
			buildActionMask = 2147483647;
			files = (
				F2B2208C1B2D224900ED737F /* ViewController.m in Sources */,
				F2B220891B2D224900ED737F /* AppDelegate.m in Sources */,
				F2B220861B2D224900ED737F /* main.m in Sources */,
			);
			runOnlyForDeploymentPostprocessing = 0;
		};
		F2B220951B2D224900ED737F /* Sources */ = {
			isa = PBXSourcesBuildPhase;
			buildActionMask = 2147483647;
			files = (
				F2B220A01B2D224900ED737F /* QiuxingkaTests.m in Sources */,
			);
			runOnlyForDeploymentPostprocessing = 0;
		};
/* End PBXSourcesBuildPhase section */

/* Begin PBXTargetDependency section */
		F2B2209B1B2D224900ED737F /* PBXTargetDependency */ = {
			isa = PBXTargetDependency;
			target = F2B2207F1B2D224900ED737F /* Qiuxingka */;
			targetProxy = F2B2209A1B2D224900ED737F /* PBXContainerItemProxy */;
		};
/* End PBXTargetDependency section */

/* Begin PBXVariantGroup section */
		F2B2208D1B2D224900ED737F /* Main.storyboard */ = {
			isa = PBXVariantGroup;
			children = (
				F2B2208E1B2D224900ED737F /* Base */,
			);
			name = Main.storyboard;
			sourceTree = "<group>";
		};
		F2B220921B2D224900ED737F /* LaunchScreen.xib */ = {
			isa = PBXVariantGroup;
			children = (
				F2B220931B2D224900ED737F /* Base */,
			);
			name = LaunchScreen.xib;
			sourceTree = "<group>";
		};
/* End PBXVariantGroup section */

/* Begin XCBuildConfiguration section */
		F2B220A11B2D224900ED737F /* Debug */ = {
			isa = XCBuildConfiguration;
			buildSettings = {
				ALWAYS_SEARCH_USER_PATHS = NO;
				CLANG_CXX_LANGUAGE_STANDARD = "gnu++0x";
				CLANG_CXX_LIBRARY = "libc++";
				CLANG_ENABLE_MODULES = YES;
				CLANG_ENABLE_OBJC_ARC = YES;
				CLANG_WARN_BOOL_CONVERSION = YES;
				CLANG_WARN_CONSTANT_CONVERSION = YES;
				CLANG_WARN_DIRECT_OBJC_ISA_USAGE = YES_ERROR;
				CLANG_WARN_EMPTY_BODY = YES;
				CLANG_WARN_ENUM_CONVERSION = YES;
				CLANG_WARN_INT_CONVERSION = YES;
				CLANG_WARN_OBJC_ROOT_CLASS = YES_ERROR;
				CLANG_WARN_UNREACHABLE_CODE = YES;
				CLANG_WARN__DUPLICATE_METHOD_MATCH = YES;
				"CODE_SIGN_IDENTITY[sdk=iphoneos*]" = "iPhone Developer";
				COPY_PHASE_STRIP = NO;
				DEBUG_INFORMATION_FORMAT = "dwarf-with-dsym";
				ENABLE_STRICT_OBJC_MSGSEND = YES;
				GCC_C_LANGUAGE_STANDARD = gnu99;
				GCC_DYNAMIC_NO_PIC = NO;
				GCC_NO_COMMON_BLOCKS = YES;
				GCC_OPTIMIZATION_LEVEL = 0;
				GCC_PREPROCESSOR_DEFINITIONS = (
					"DEBUG=1",
					"$(inherited)",
				);
				GCC_SYMBOLS_PRIVATE_EXTERN = NO;
				GCC_WARN_64_TO_32_BIT_CONVERSION = YES;
				GCC_WARN_ABOUT_RETURN_TYPE = YES_ERROR;
				GCC_WARN_UNDECLARED_SELECTOR = YES;
				GCC_WARN_UNINITIALIZED_AUTOS = YES_AGGRESSIVE;
				GCC_WARN_UNUSED_FUNCTION = YES;
				GCC_WARN_UNUSED_VARIABLE = YES;
				IPHONEOS_DEPLOYMENT_TARGET = 8.3;
				MTL_ENABLE_DEBUG_INFO = YES;
				ONLY_ACTIVE_ARCH = YES;
				SDKROOT = iphoneos;
				TARGETED_DEVICE_FAMILY = "1,2";
			};
			name = Debug;
		};
		F2B220A21B2D224900ED737F /* Release */ = {
			isa = XCBuildConfiguration;
			buildSettings = {
				ALWAYS_SEARCH_USER_PATHS = NO;
				CLANG_CXX_LANGUAGE_STANDARD = "gnu++0x";
				CLANG_CXX_LIBRARY = "libc++";
				CLANG_ENABLE_MODULES = YES;
				CLANG_ENABLE_OBJC_ARC = YES;
				CLANG_WARN_BOOL_CONVERSION = YES;
				CLANG_WARN_CONSTANT_CONVERSION = YES;
				CLANG_WARN_DIRECT_OBJC_ISA_USAGE = YES_ERROR;
				CLANG_WARN_EMPTY_BODY = YES;
				CLANG_WARN_ENUM_CONVERSION = YES;
				CLANG_WARN_INT_CONVERSION = YES;
				CLANG_WARN_OBJC_ROOT_CLASS = YES_ERROR;
				CLANG_WARN_UNREACHABLE_CODE = YES;
				CLANG_WARN__DUPLICATE_METHOD_MATCH = YES;
				"CODE_SIGN_IDENTITY[sdk=iphoneos*]" = "iPhone Developer";
				COPY_PHASE_STRIP = NO;
				DEBUG_INFORMATION_FORMAT = "dwarf-with-dsym";
				ENABLE_NS_ASSERTIONS = NO;
				ENABLE_STRICT_OBJC_MSGSEND = YES;
				GCC_C_LANGUAGE_STANDARD = gnu99;
				GCC_NO_COMMON_BLOCKS = YES;
				GCC_WARN_64_TO_32_BIT_CONVERSION = YES;
				GCC_WARN_ABOUT_RETURN_TYPE = YES_ERROR;
				GCC_WARN_UNDECLARED_SELECTOR = YES;
				GCC_WARN_UNINITIALIZED_AUTOS = YES_AGGRESSIVE;
				GCC_WARN_UNUSED_FUNCTION = YES;
				GCC_WARN_UNUSED_VARIABLE = YES;
				IPHONEOS_DEPLOYMENT_TARGET = 8.3;
				MTL_ENABLE_DEBUG_INFO = NO;
				SDKROOT = iphoneos;
				TARGETED_DEVICE_FAMILY = "1,2";
				VALIDATE_PRODUCT = YES;
			};
			name = Release;
		};
		F2B220A41B2D224900ED737F /* Debug */ = {
			isa = XCBuildConfiguration;
			buildSettings = {
				ASSETCATALOG_COMPILER_APPICON_NAME = AppIcon;
				INFOPLIST_FILE = Qiuxingka/Info.plist;
				LD_RUNPATH_SEARCH_PATHS = "$(inherited) @executable_path/Frameworks";
				PRODUCT_NAME = "$(TARGET_NAME)";
			};
			name = Debug;
		};
		F2B220A51B2D224900ED737F /* Release */ = {
			isa = XCBuildConfiguration;
			buildSettings = {
				ASSETCATALOG_COMPILER_APPICON_NAME = AppIcon;
				INFOPLIST_FILE = Qiuxingka/Info.plist;
				LD_RUNPATH_SEARCH_PATHS = "$(inherited) @executable_path/Frameworks";
				PRODUCT_NAME = "$(TARGET_NAME)";
			};
			name = Release;
		};
		F2B220A71B2D224900ED737F /* Debug */ = {
			isa = XCBuildConfiguration;
			buildSettings = {
				BUNDLE_LOADER = "$(TEST_HOST)";
				FRAMEWORK_SEARCH_PATHS = (
					"$(SDKROOT)/Developer/Library/Frameworks",
					"$(inherited)",
				);
				GCC_PREPROCESSOR_DEFINITIONS = (
					"DEBUG=1",
					"$(inherited)",
				);
				INFOPLIST_FILE = QiuxingkaTests/Info.plist;
				LD_RUNPATH_SEARCH_PATHS = "$(inherited) @executable_path/Frameworks @loader_path/Frameworks";
				PRODUCT_NAME = "$(TARGET_NAME)";
				TEST_HOST = "$(BUILT_PRODUCTS_DIR)/Qiuxingka.app/Qiuxingka";
			};
			name = Debug;
		};
		F2B220A81B2D224900ED737F /* Release */ = {
			isa = XCBuildConfiguration;
			buildSettings = {
				BUNDLE_LOADER = "$(TEST_HOST)";
				FRAMEWORK_SEARCH_PATHS = (
					"$(SDKROOT)/Developer/Library/Frameworks",
					"$(inherited)",
				);
				INFOPLIST_FILE = QiuxingkaTests/Info.plist;
				LD_RUNPATH_SEARCH_PATHS = "$(inherited) @executable_path/Frameworks @loader_path/Frameworks";
				PRODUCT_NAME = "$(TARGET_NAME)";
				TEST_HOST = "$(BUILT_PRODUCTS_DIR)/Qiuxingka.app/Qiuxingka";
			};
			name = Release;
		};
/* End XCBuildConfiguration section */

/* Begin XCConfigurationList section */
		F2B2207B1B2D224900ED737F /* Build configuration list for PBXProject "Qiuxingka" */ = {
			isa = XCConfigurationList;
			buildConfigurations = (
				F2B220A11B2D224900ED737F /* Debug */,
				F2B220A21B2D224900ED737F /* Release */,
			);
			defaultConfigurationIsVisible = 0;
			defaultConfigurationName = Release;
		};
		F2B220A31B2D224900ED737F /* Build configuration list for PBXNativeTarget "Qiuxingka" */ = {
			isa = XCConfigurationList;
			buildConfigurations = (
				F2B220A41B2D224900ED737F /* Debug */,
				F2B220A51B2D224900ED737F /* Release */,
			);
			defaultConfigurationIsVisible = 0;
		};
		F2B220A61B2D224900ED737F /* Build configuration list for PBXNativeTarget "QiuxingkaTests" */ = {
			isa = XCConfigurationList;
			buildConfigurations = (
				F2B220A71B2D224900ED737F /* Debug */,
				F2B220A81B2D224900ED737F /* Release */,
			);
			defaultConfigurationIsVisible = 0;
		};
/* End XCConfigurationList section */
	};
	rootObject = F2B220781B2D224900ED737F /* Project object */;
}
